
Microsoft Visual Studio Solution File, Format Version 11.00
# Visual Studio 2010
Project("{FAE04EC0-301F-11D3-BF4B-00C04F79EFBC}") = "UnityEngine.UI", "UnityEngine.UI.csproj", "{b49dcdda-b5e1-014f-f890-41ce39f26e47}"
EndProject
Project("{FAE04EC0-301F-11D3-BF4B-00C04F79EFBC}") = "Unity.RenderPipelines.Core.Runtime", "Unity.RenderPipelines.Core.Runtime.csproj", "{67bfc74a-fa7f-6904-cad7-8f01066c77b5}"
EndProject
Project("{FAE04EC0-301F-11D3-BF4B-00C04F79EFBC}") = "UnityEngine.TestRunner", "UnityEngine.TestRunner.csproj", "{a4f146c2-e94f-90fb-374f-9eeb29ba081c}"
EndProject
Project("{FAE04EC0-301F-11D3-BF4B-00C04F79EFBC}") = "Unity.Mathematics", "Unity.Mathematics.csproj", "{2de3ac71-4ebf-4faa-ff53-1df79fcb332c}"
EndProject
Project("{FAE04EC0-301F-11D3-BF4B-00C04F79EFBC}") = "Assembly-CSharp-firstpass", "Assembly-CSharp-firstpass.csproj", "{89ffd820-3d37-b646-a747-b15d6b33d4b8}"
EndProject
Project("{FAE04EC0-301F-11D3-BF4B-00C04F79EFBC}") = "Unity.InputSystem", "Unity.InputSystem.csproj", "{d2f1db09-fd8a-2a06-29f6-c183ae72a514}"
EndProject
Project("{FAE04EC0-301F-11D3-BF4B-00C04F79EFBC}") = "Unity.RenderPipelines.Universal.Runtime", "Unity.RenderPipelines.Universal.Runtime.csproj", "{f47933e7-642b-f3c1-c1d2-98ecce0f91ac}"
EndProject
Project("{FAE04EC0-301F-11D3-BF4B-00C04F79EFBC}") = "Assembly-CSharp", "Assembly-CSharp.csproj", "{1dcac2ee-4062-58fc-eb63-a761ac5c7423}"
EndProject
Project("{FAE04EC0-301F-11D3-BF4B-00C04F79EFBC}") = "Unity.Services.Core.Environments.Internal", "Unity.Services.Core.Environments.Internal.csproj", "{d548adf4-9a43-3cca-a933-e576e22dfeac}"
EndProject
Project("{FAE04EC0-301F-11D3-BF4B-00C04F79EFBC}") = "Unity.Burst", "Unity.Burst.csproj", "{1d1bfa4e-ee06-a3af-8b61-dc30c2fbf707}"
EndProject
Project("{FAE04EC0-301F-11D3-BF4B-00C04F79EFBC}") = "Unity.TextMeshPro", "Unity.TextMeshPro.csproj", "{f085fc90-7f22-baab-5be7-dff98532dc35}"
EndProject
Project("{FAE04EC0-301F-11D3-BF4B-00C04F79EFBC}") = "Unity.Netcode.Runtime", "Unity.Netcode.Runtime.csproj", "{0acb4b52-95c0-69a8-6aa3-e3f90a8c5c59}"
EndProject
Project("{FAE04EC0-301F-11D3-BF4B-00C04F79EFBC}") = "Unity.Services.Relay", "Unity.Services.Relay.csproj", "{fb01e2a5-38d8-c6bc-344e-b760731e27b1}"
EndProject
Project("{FAE04EC0-301F-11D3-BF4B-00C04F79EFBC}") = "Unity.ProBuilder.Poly2Tri", "Unity.ProBuilder.Poly2Tri.csproj", "{a29430dd-d085-8988-9bc0-b6da3e987ef7}"
EndProject
Project("{FAE04EC0-301F-11D3-BF4B-00C04F79EFBC}") = "Unity.Timeline", "Unity.Timeline.csproj", "{28734a3e-ea7b-9259-2d0e-0e56885b7de8}"
EndProject
Project("{FAE04EC0-301F-11D3-BF4B-00C04F79EFBC}") = "Unity.Services.Authentication", "Unity.Services.Authentication.csproj", "{072ad620-70fa-eeea-e14b-98b0cff081ca}"
EndProject
Project("{FAE04EC0-301F-11D3-BF4B-00C04F79EFBC}") = "Unity.Collections", "Unity.Collections.csproj", "{0777ff7a-41b0-074f-af66-754c5c1d46b0}"
EndProject
Project("{FAE04EC0-301F-11D3-BF4B-00C04F79EFBC}") = "Unity.ProBuilder", "Unity.ProBuilder.csproj", "{54464c6a-a1d6-e3da-bcdf-7f8ff22379ab}"
EndProject
Project("{FAE04EC0-301F-11D3-BF4B-00C04F79EFBC}") = "Unity.Networking.Transport", "Unity.Networking.Transport.csproj", "{61ec6e23-9ee2-749d-afd0-cb2a24b67779}"
EndProject
Project("{FAE04EC0-301F-11D3-BF4B-00C04F79EFBC}") = "Unity.Services.Core.Environments", "Unity.Services.Core.Environments.csproj", "{f32c1c4d-4791-c13a-a84b-f0b4f306a522}"
EndProject
Project("{FAE04EC0-301F-11D3-BF4B-00C04F79EFBC}") = "Unity.Services.Core.Telemetry", "Unity.Services.Core.Telemetry.csproj", "{faa0404c-a6fd-91a6-0d96-0b4d123aa909}"
EndProject
Project("{FAE04EC0-301F-11D3-BF4B-00C04F79EFBC}") = "Unity.Services.Core.Internal", "Unity.Services.Core.Internal.csproj", "{09bc4466-55a2-8b7f-93a7-2d3433383571}"
EndProject
Project("{FAE04EC0-301F-11D3-BF4B-00C04F79EFBC}") = "Unity.Services.Lobbies", "Unity.Services.Lobbies.csproj", "{11799eae-34bf-49ad-2ffd-2cd6b90dbe0e}"
EndProject
Project("{FAE04EC0-301F-11D3-BF4B-00C04F79EFBC}") = "com.unity.multiplayer-hlapi.Runtime", "com.unity.multiplayer-hlapi.Runtime.csproj", "{ed7d6642-a89b-e875-76f7-d5db31684a02}"
EndProject
Project("{FAE04EC0-301F-11D3-BF4B-00C04F79EFBC}") = "Unity.Netcode.Components", "Unity.Netcode.Components.csproj", "{cf07e5cb-d959-0c0a-cb42-f492b85a344a}"
EndProject
Project("{FAE04EC0-301F-11D3-BF4B-00C04F79EFBC}") = "Unity.ProBuilder.Csg", "Unity.ProBuilder.Csg.csproj", "{e023c38f-825c-8612-a408-6efadd58f13e}"
EndProject
Project("{FAE04EC0-301F-11D3-BF4B-00C04F79EFBC}") = "Unity.Services.Core.Scheduler", "Unity.Services.Core.Scheduler.csproj", "{3d4fba06-4efb-fbbe-8ade-6edb17b5c65c}"
EndProject
Project("{FAE04EC0-301F-11D3-BF4B-00C04F79EFBC}") = "Unity.Netcode.Adapter.UTP", "Unity.Netcode.Adapter.UTP.csproj", "{e4e5ed6f-e528-26e4-a4f8-4323ff1b1240}"
EndProject
Project("{FAE04EC0-301F-11D3-BF4B-00C04F79EFBC}") = "Unity.Services.Core.Registration", "Unity.Services.Core.Registration.csproj", "{bd776acc-358b-989a-701f-b20f336a0558}"
EndProject
Project("{FAE04EC0-301F-11D3-BF4B-00C04F79EFBC}") = "ClientNetworkTransform", "ClientNetworkTransform.csproj", "{da38375f-d9e2-4c71-6595-866a962afac2}"
EndProject
Project("{FAE04EC0-301F-11D3-BF4B-00C04F79EFBC}") = "Unity.Services.Core.Device", "Unity.Services.Core.Device.csproj", "{f920c3f5-223f-9959-c142-e30b28e83aad}"
EndProject
Project("{FAE04EC0-301F-11D3-BF4B-00C04F79EFBC}") = "Unity.Services.Core.Networking", "Unity.Services.Core.Networking.csproj", "{a6eabab8-5887-7f07-eb5b-ad6347c148c6}"
EndProject
Project("{FAE04EC0-301F-11D3-BF4B-00C04F79EFBC}") = "Unity.ProBuilder.KdTree", "Unity.ProBuilder.KdTree.csproj", "{eceb3da4-5f9d-1d74-54d8-5c1addf8b12e}"
EndProject
Project("{FAE04EC0-301F-11D3-BF4B-00C04F79EFBC}") = "Unity.Services.Core", "Unity.Services.Core.csproj", "{33d39146-07e3-fdd9-a1fb-61efb75208ea}"
EndProject
Project("{FAE04EC0-301F-11D3-BF4B-00C04F79EFBC}") = "Unity.RenderPipelines.Core.ShaderLibrary", "Unity.RenderPipelines.Core.ShaderLibrary.csproj", "{b1c41f82-ad9d-c545-f0f1-c85a2ac4d9f6}"
EndProject
Project("{FAE04EC0-301F-11D3-BF4B-00C04F79EFBC}") = "Unity.RenderPipeline.Universal.ShaderLibrary", "Unity.RenderPipeline.Universal.ShaderLibrary.csproj", "{0d7ae33b-c9f2-5a05-6732-4541af6587a0}"
EndProject
Project("{FAE04EC0-301F-11D3-BF4B-00C04F79EFBC}") = "Unity.Services.Core.Configuration", "Unity.Services.Core.Configuration.csproj", "{a86f306a-d32e-4039-7ee8-4df79dfa732d}"
EndProject
Project("{FAE04EC0-301F-11D3-BF4B-00C04F79EFBC}") = "Unity.ProBuilder.Stl", "Unity.ProBuilder.Stl.csproj", "{c6db2168-7920-67c9-ca21-a9f9afe6d408}"
EndProject
Project("{FAE04EC0-301F-11D3-BF4B-00C04F79EFBC}") = "Unity.RenderPipelines.Universal.Shaders", "Unity.RenderPipelines.Universal.Shaders.csproj", "{2f57cdf0-f6ac-01a7-0693-4cf844f38570}"
EndProject
Project("{FAE04EC0-301F-11D3-BF4B-00C04F79EFBC}") = "Unity.RenderPipelines.ShaderGraph.ShaderGraphLibrary", "Unity.RenderPipelines.ShaderGraph.ShaderGraphLibrary.csproj", "{9db94b3f-37bf-b5d5-6820-a8b0e13af25d}"
EndProject
Project("{FAE04EC0-301F-11D3-BF4B-00C04F79EFBC}") = "Unity.ShaderGraph.Editor", "Unity.ShaderGraph.Editor.csproj", "{be78baec-b1ee-8189-44fd-48a99fdb041e}"
EndProject
Project("{FAE04EC0-301F-11D3-BF4B-00C04F79EFBC}") = "Unity.VisualStudio.Editor", "Unity.VisualStudio.Editor.csproj", "{10557d54-f74d-abd6-0e6c-8e2d5926436b}"
EndProject
Project("{FAE04EC0-301F-11D3-BF4B-00C04F79EFBC}") = "Unity.ProBuilder.Editor", "Unity.ProBuilder.Editor.csproj", "{4199b1ff-4578-9e38-31a3-c559968e890d}"
EndProject
Project("{FAE04EC0-301F-11D3-BF4B-00C04F79EFBC}") = "Unity.Timeline.Editor", "Unity.Timeline.Editor.csproj", "{0f4e1c6b-6e93-9fca-6db4-cb202e15b459}"
EndProject
Project("{FAE04EC0-301F-11D3-BF4B-00C04F79EFBC}") = "Unity.TextMeshPro.Editor", "Unity.TextMeshPro.Editor.csproj", "{8ad2a217-a1a9-5978-ae3c-52f40134df2d}"
EndProject
Project("{FAE04EC0-301F-11D3-BF4B-00C04F79EFBC}") = "Unity.CollabProxy.Editor", "Unity.CollabProxy.Editor.csproj", "{16e62a84-1d2d-c318-b93d-44748190050a}"
EndProject
Project("{FAE04EC0-301F-11D3-BF4B-00C04F79EFBC}") = "UnityEditor.TestRunner", "UnityEditor.TestRunner.csproj", "{95866e0b-686e-9c24-cb7f-9786fc4bc170}"
EndProject
Project("{FAE04EC0-301F-11D3-BF4B-00C04F79EFBC}") = "Unity.Services.Core.Editor", "Unity.Services.Core.Editor.csproj", "{e89b6def-7664-55b8-9086-5de441774b4a}"
EndProject
Project("{FAE04EC0-301F-11D3-BF4B-00C04F79EFBC}") = "Unity.Netcode.Editor", "Unity.Netcode.Editor.csproj", "{1e4703bb-1b8d-a689-cd3c-bf7334a2ec69}"
EndProject
Project("{FAE04EC0-301F-11D3-BF4B-00C04F79EFBC}") = "Unity.Rider.Editor", "Unity.Rider.Editor.csproj", "{fc3beb6a-b527-8f0c-45df-833bd545e27a}"
EndProject
Project("{FAE04EC0-301F-11D3-BF4B-00C04F79EFBC}") = "Unity.Services.Authentication.Editor", "Unity.Services.Authentication.Editor.csproj", "{90446bc3-84cb-7010-696b-f42535d9505e}"
EndProject
Project("{FAE04EC0-301F-11D3-BF4B-00C04F79EFBC}") = "Unity.RenderPipelines.Universal.Editor", "Unity.RenderPipelines.Universal.Editor.csproj", "{a949b0bf-b799-6d6f-fb2d-da466125785c}"
EndProject
Project("{FAE04EC0-301F-11D3-BF4B-00C04F79EFBC}") = "Assembly-CSharp-Editor-firstpass", "Assembly-CSharp-Editor-firstpass.csproj", "{9211639c-18ec-df22-2cbc-e28daa29898b}"
EndProject
Project("{FAE04EC0-301F-11D3-BF4B-00C04F79EFBC}") = "com.unity.multiplayer-hlapi.Editor", "com.unity.multiplayer-hlapi.Editor.csproj", "{95ecc8a0-baae-bbc1-a97f-cc5e426de01c}"
EndProject
Project("{FAE04EC0-301F-11D3-BF4B-00C04F79EFBC}") = "Unity.RenderPipelines.Core.Editor", "Unity.RenderPipelines.Core.Editor.csproj", "{2336b1bc-a68e-d2b5-8894-b73f3629cf73}"
EndProject
Project("{FAE04EC0-301F-11D3-BF4B-00C04F79EFBC}") = "Unity.Searcher.Editor", "Unity.Searcher.Editor.csproj", "{8a01df3d-e8ee-8d7b-36a2-59c5c1524edf}"
EndProject
Project("{FAE04EC0-301F-11D3-BF4B-00C04F79EFBC}") = "Unity.Burst.Editor", "Unity.Burst.Editor.csproj", "{320c406b-6eeb-441e-c5ca-e064ab7ccfa6}"
EndProject
Project("{FAE04EC0-301F-11D3-BF4B-00C04F79EFBC}") = "com.unity.multiplayer-weaver.Editor", "com.unity.multiplayer-weaver.Editor.csproj", "{17e679d3-fc31-5893-6921-82ccbe2030b6}"
EndProject
Project("{FAE04EC0-301F-11D3-BF4B-00C04F79EFBC}") = "Unity.Burst.CodeGen", "Unity.Burst.CodeGen.csproj", "{68b16920-3aaf-2167-2759-c3df93932ff8}"
EndProject
Project("{FAE04EC0-301F-11D3-BF4B-00C04F79EFBC}") = "Unity.VSCode.Editor", "Unity.VSCode.Editor.csproj", "{4ae1233f-9500-7f4b-585f-df92b436ebf8}"
EndProject
Project("{FAE04EC0-301F-11D3-BF4B-00C04F79EFBC}") = "Unity.ProBuilder.AssetIdRemapUtility", "Unity.ProBuilder.AssetIdRemapUtility.csproj", "{39e157bc-31f2-64e5-9ccd-4da0a0fc2253}"
EndProject
Project("{FAE04EC0-301F-11D3-BF4B-00C04F79EFBC}") = "Unity.2D.Sprite.Editor", "Unity.2D.Sprite.Editor.csproj", "{0255b8fc-4823-27e2-6ef7-f63b225d91d0}"
EndProject
Project("{FAE04EC0-301F-11D3-BF4B-00C04F79EFBC}") = "UnityEditor.UI", "UnityEditor.UI.csproj", "{2af36194-6ef0-1442-2745-a701e52cf398}"
EndProject
Project("{FAE04EC0-301F-11D3-BF4B-00C04F79EFBC}") = "Unity.Settings.Editor", "Unity.Settings.Editor.csproj", "{bf2e0f23-0b05-47cd-c109-7a7fe46f6959}"
EndProject
Project("{FAE04EC0-301F-11D3-BF4B-00C04F79EFBC}") = "Assembly-CSharp-Editor", "Assembly-CSharp-Editor.csproj", "{911b1fc7-5ed4-69c4-096b-1d32a23af5b4}"
EndProject
Project("{FAE04EC0-301F-11D3-BF4B-00C04F79EFBC}") = "Unity.Mathematics.Editor", "Unity.Mathematics.Editor.csproj", "{783ecabf-758b-0089-b2dd-a800057b78b7}"
EndProject
Project("{FAE04EC0-301F-11D3-BF4B-00C04F79EFBC}") = "Unity.Services.Core.Configuration.Editor", "Unity.Services.Core.Configuration.Editor.csproj", "{08166d7c-216c-1b42-7587-13d9dcc12230}"
EndProject
Project("{FAE04EC0-301F-11D3-BF4B-00C04F79EFBC}") = "Unity.Netcode.Editor.CodeGen", "Unity.Netcode.Editor.CodeGen.csproj", "{c038f96c-27e4-799a-27dc-983d536ea1fd}"
EndProject
Project("{FAE04EC0-301F-11D3-BF4B-00C04F79EFBC}") = "Unity.ShaderGraph.Utilities", "Unity.ShaderGraph.Utilities.csproj", "{b43bee26-92ab-d406-70ba-9aa6b9ab2276}"
EndProject
Project("{FAE04EC0-301F-11D3-BF4B-00C04F79EFBC}") = "Unity.Collections.BurstCompatibilityGen", "Unity.Collections.BurstCompatibilityGen.csproj", "{a2eb8a56-4575-0ff0-8532-77f1a86be44e}"
EndProject
Project("{FAE04EC0-301F-11D3-BF4B-00C04F79EFBC}") = "Unity.ProBuilder.AddOns.Editor", "Unity.ProBuilder.AddOns.Editor.csproj", "{6f44c782-daec-64a4-f816-eed8a72307c3}"
EndProject
Project("{FAE04EC0-301F-11D3-BF4B-00C04F79EFBC}") = "Unity.Netcode.Adapter.UTP.Editor", "Unity.Netcode.Adapter.UTP.Editor.csproj", "{2482add6-e123-d883-27ca-8a94273e33ca}"
EndProject
Global
	GlobalSection(SolutionConfigurationPlatforms) = preSolution
		Debug|Any CPU = Debug|Any CPU
	EndGlobalSection
	GlobalSection(ProjectConfigurationPlatforms) = postSolution
		{b49dcdda-b5e1-014f-f890-41ce39f26e47}.Debug|Any CPU.ActiveCfg = Debug|Any CPU
		{b49dcdda-b5e1-014f-f890-41ce39f26e47}.Debug|Any CPU.Build.0 = Debug|Any CPU
		{67bfc74a-fa7f-6904-cad7-8f01066c77b5}.Debug|Any CPU.ActiveCfg = Debug|Any CPU
		{67bfc74a-fa7f-6904-cad7-8f01066c77b5}.Debug|Any CPU.Build.0 = Debug|Any CPU
		{a4f146c2-e94f-90fb-374f-9eeb29ba081c}.Debug|Any CPU.ActiveCfg = Debug|Any CPU
		{a4f146c2-e94f-90fb-374f-9eeb29ba081c}.Debug|Any CPU.Build.0 = Debug|Any CPU
		{2de3ac71-4ebf-4faa-ff53-1df79fcb332c}.Debug|Any CPU.ActiveCfg = Debug|Any CPU
		{2de3ac71-4ebf-4faa-ff53-1df79fcb332c}.Debug|Any CPU.Build.0 = Debug|Any CPU
		{89ffd820-3d37-b646-a747-b15d6b33d4b8}.Debug|Any CPU.ActiveCfg = Debug|Any CPU
		{89ffd820-3d37-b646-a747-b15d6b33d4b8}.Debug|Any CPU.Build.0 = Debug|Any CPU
		{d2f1db09-fd8a-2a06-29f6-c183ae72a514}.Debug|Any CPU.ActiveCfg = Debug|Any CPU
		{d2f1db09-fd8a-2a06-29f6-c183ae72a514}.Debug|Any CPU.Build.0 = Debug|Any CPU
		{f47933e7-642b-f3c1-c1d2-98ecce0f91ac}.Debug|Any CPU.ActiveCfg = Debug|Any CPU
		{f47933e7-642b-f3c1-c1d2-98ecce0f91ac}.Debug|Any CPU.Build.0 = Debug|Any CPU
		{1dcac2ee-4062-58fc-eb63-a761ac5c7423}.Debug|Any CPU.ActiveCfg = Debug|Any CPU
		{1dcac2ee-4062-58fc-eb63-a761ac5c7423}.Debug|Any CPU.Build.0 = Debug|Any CPU
		{d548adf4-9a43-3cca-a933-e576e22dfeac}.Debug|Any CPU.ActiveCfg = Debug|Any CPU
		{d548adf4-9a43-3cca-a933-e576e22dfeac}.Debug|Any CPU.Build.0 = Debug|Any CPU
		{1d1bfa4e-ee06-a3af-8b61-dc30c2fbf707}.Debug|Any CPU.ActiveCfg = Debug|Any CPU
		{1d1bfa4e-ee06-a3af-8b61-dc30c2fbf707}.Debug|Any CPU.Build.0 = Debug|Any CPU
		{f085fc90-7f22-baab-5be7-dff98532dc35}.Debug|Any CPU.ActiveCfg = Debug|Any CPU
		{f085fc90-7f22-baab-5be7-dff98532dc35}.Debug|Any CPU.Build.0 = Debug|Any CPU
		{0acb4b52-95c0-69a8-6aa3-e3f90a8c5c59}.Debug|Any CPU.ActiveCfg = Debug|Any CPU
		{0acb4b52-95c0-69a8-6aa3-e3f90a8c5c59}.Debug|Any CPU.Build.0 = Debug|Any CPU
		{fb01e2a5-38d8-c6bc-344e-b760731e27b1}.Debug|Any CPU.ActiveCfg = Debug|Any CPU
		{fb01e2a5-38d8-c6bc-344e-b760731e27b1}.Debug|Any CPU.Build.0 = Debug|Any CPU
		{a29430dd-d085-8988-9bc0-b6da3e987ef7}.Debug|Any CPU.ActiveCfg = Debug|Any CPU
		{a29430dd-d085-8988-9bc0-b6da3e987ef7}.Debug|Any CPU.Build.0 = Debug|Any CPU
		{28734a3e-ea7b-9259-2d0e-0e56885b7de8}.Debug|Any CPU.ActiveCfg = Debug|Any CPU
		{28734a3e-ea7b-9259-2d0e-0e56885b7de8}.Debug|Any CPU.Build.0 = Debug|Any CPU
		{072ad620-70fa-eeea-e14b-98b0cff081ca}.Debug|Any CPU.ActiveCfg = Debug|Any CPU
		{072ad620-70fa-eeea-e14b-98b0cff081ca}.Debug|Any CPU.Build.0 = Debug|Any CPU
		{0777ff7a-41b0-074f-af66-754c5c1d46b0}.Debug|Any CPU.ActiveCfg = Debug|Any CPU
		{0777ff7a-41b0-074f-af66-754c5c1d46b0}.Debug|Any CPU.Build.0 = Debug|Any CPU
		{54464c6a-a1d6-e3da-bcdf-7f8ff22379ab}.Debug|Any CPU.ActiveCfg = Debug|Any CPU
		{54464c6a-a1d6-e3da-bcdf-7f8ff22379ab}.Debug|Any CPU.Build.0 = Debug|Any CPU
		{61ec6e23-9ee2-749d-afd0-cb2a24b67779}.Debug|Any CPU.ActiveCfg = Debug|Any CPU
		{61ec6e23-9ee2-749d-afd0-cb2a24b67779}.Debug|Any CPU.Build.0 = Debug|Any CPU
		{f32c1c4d-4791-c13a-a84b-f0b4f306a522}.Debug|Any CPU.ActiveCfg = Debug|Any CPU
		{f32c1c4d-4791-c13a-a84b-f0b4f306a522}.Debug|Any CPU.Build.0 = Debug|Any CPU
		{faa0404c-a6fd-91a6-0d96-0b4d123aa909}.Debug|Any CPU.ActiveCfg = Debug|Any CPU
		{faa0404c-a6fd-91a6-0d96-0b4d123aa909}.Debug|Any CPU.Build.0 = Debug|Any CPU
		{09bc4466-55a2-8b7f-93a7-2d3433383571}.Debug|Any CPU.ActiveCfg = Debug|Any CPU
		{09bc4466-55a2-8b7f-93a7-2d3433383571}.Debug|Any CPU.Build.0 = Debug|Any CPU
		{11799eae-34bf-49ad-2ffd-2cd6b90dbe0e}.Debug|Any CPU.ActiveCfg = Debug|Any CPU
		{11799eae-34bf-49ad-2ffd-2cd6b90dbe0e}.Debug|Any CPU.Build.0 = Debug|Any CPU
		{ed7d6642-a89b-e875-76f7-d5db31684a02}.Debug|Any CPU.ActiveCfg = Debug|Any CPU
		{ed7d6642-a89b-e875-76f7-d5db31684a02}.Debug|Any CPU.Build.0 = Debug|Any CPU
		{cf07e5cb-d959-0c0a-cb42-f492b85a344a}.Debug|Any CPU.ActiveCfg = Debug|Any CPU
		{cf07e5cb-d959-0c0a-cb42-f492b85a344a}.Debug|Any CPU.Build.0 = Debug|Any CPU
		{e023c38f-825c-8612-a408-6efadd58f13e}.Debug|Any CPU.ActiveCfg = Debug|Any CPU
		{e023c38f-825c-8612-a408-6efadd58f13e}.Debug|Any CPU.Build.0 = Debug|Any CPU
		{3d4fba06-4efb-fbbe-8ade-6edb17b5c65c}.Debug|Any CPU.ActiveCfg = Debug|Any CPU
		{3d4fba06-4efb-fbbe-8ade-6edb17b5c65c}.Debug|Any CPU.Build.0 = Debug|Any CPU
		{e4e5ed6f-e528-26e4-a4f8-4323ff1b1240}.Debug|Any CPU.ActiveCfg = Debug|Any CPU
		{e4e5ed6f-e528-26e4-a4f8-4323ff1b1240}.Debug|Any CPU.Build.0 = Debug|Any CPU
		{bd776acc-358b-989a-701f-b20f336a0558}.Debug|Any CPU.ActiveCfg = Debug|Any CPU
		{bd776acc-358b-989a-701f-b20f336a0558}.Debug|Any CPU.Build.0 = Debug|Any CPU
		{da38375f-d9e2-4c71-6595-866a962afac2}.Debug|Any CPU.ActiveCfg = Debug|Any CPU
		{da38375f-d9e2-4c71-6595-866a962afac2}.Debug|Any CPU.Build.0 = Debug|Any CPU
		{f920c3f5-223f-9959-c142-e30b28e83aad}.Debug|Any CPU.ActiveCfg = Debug|Any CPU
		{f920c3f5-223f-9959-c142-e30b28e83aad}.Debug|Any CPU.Build.0 = Debug|Any CPU
		{a6eabab8-5887-7f07-eb5b-ad6347c148c6}.Debug|Any CPU.ActiveCfg = Debug|Any CPU
		{a6eabab8-5887-7f07-eb5b-ad6347c148c6}.Debug|Any CPU.Build.0 = Debug|Any CPU
		{eceb3da4-5f9d-1d74-54d8-5c1addf8b12e}.Debug|Any CPU.ActiveCfg = Debug|Any CPU
		{eceb3da4-5f9d-1d74-54d8-5c1addf8b12e}.Debug|Any CPU.Build.0 = Debug|Any CPU
		{33d39146-07e3-fdd9-a1fb-61efb75208ea}.Debug|Any CPU.ActiveCfg = Debug|Any CPU
		{33d39146-07e3-fdd9-a1fb-61efb75208ea}.Debug|Any CPU.Build.0 = Debug|Any CPU
		{b1c41f82-ad9d-c545-f0f1-c85a2ac4d9f6}.Debug|Any CPU.ActiveCfg = Debug|Any CPU
		{b1c41f82-ad9d-c545-f0f1-c85a2ac4d9f6}.Debug|Any CPU.Build.0 = Debug|Any CPU
		{0d7ae33b-c9f2-5a05-6732-4541af6587a0}.Debug|Any CPU.ActiveCfg = Debug|Any CPU
		{0d7ae33b-c9f2-5a05-6732-4541af6587a0}.Debug|Any CPU.Build.0 = Debug|Any CPU
		{a86f306a-d32e-4039-7ee8-4df79dfa732d}.Debug|Any CPU.ActiveCfg = Debug|Any CPU
		{a86f306a-d32e-4039-7ee8-4df79dfa732d}.Debug|Any CPU.Build.0 = Debug|Any CPU
		{c6db2168-7920-67c9-ca21-a9f9afe6d408}.Debug|Any CPU.ActiveCfg = Debug|Any CPU
		{c6db2168-7920-67c9-ca21-a9f9afe6d408}.Debug|Any CPU.Build.0 = Debug|Any CPU
		{2f57cdf0-f6ac-01a7-0693-4cf844f38570}.Debug|Any CPU.ActiveCfg = Debug|Any CPU
		{2f57cdf0-f6ac-01a7-0693-4cf844f38570}.Debug|Any CPU.Build.0 = Debug|Any CPU
		{9db94b3f-37bf-b5d5-6820-a8b0e13af25d}.Debug|Any CPU.ActiveCfg = Debug|Any CPU
		{9db94b3f-37bf-b5d5-6820-a8b0e13af25d}.Debug|Any CPU.Build.0 = Debug|Any CPU
		{be78baec-b1ee-8189-44fd-48a99fdb041e}.Debug|Any CPU.ActiveCfg = Debug|Any CPU
		{be78baec-b1ee-8189-44fd-48a99fdb041e}.Debug|Any CPU.Build.0 = Debug|Any CPU
		{10557d54-f74d-abd6-0e6c-8e2d5926436b}.Debug|Any CPU.ActiveCfg = Debug|Any CPU
		{10557d54-f74d-abd6-0e6c-8e2d5926436b}.Debug|Any CPU.Build.0 = Debug|Any CPU
		{4199b1ff-4578-9e38-31a3-c559968e890d}.Debug|Any CPU.ActiveCfg = Debug|Any CPU
		{4199b1ff-4578-9e38-31a3-c559968e890d}.Debug|Any CPU.Build.0 = Debug|Any CPU
		{0f4e1c6b-6e93-9fca-6db4-cb202e15b459}.Debug|Any CPU.ActiveCfg = Debug|Any CPU
		{0f4e1c6b-6e93-9fca-6db4-cb202e15b459}.Debug|Any CPU.Build.0 = Debug|Any CPU
		{8ad2a217-a1a9-5978-ae3c-52f40134df2d}.Debug|Any CPU.ActiveCfg = Debug|Any CPU
		{8ad2a217-a1a9-5978-ae3c-52f40134df2d}.Debug|Any CPU.Build.0 = Debug|Any CPU
		{16e62a84-1d2d-c318-b93d-44748190050a}.Debug|Any CPU.ActiveCfg = Debug|Any CPU
		{16e62a84-1d2d-c318-b93d-44748190050a}.Debug|Any CPU.Build.0 = Debug|Any CPU
		{95866e0b-686e-9c24-cb7f-9786fc4bc170}.Debug|Any CPU.ActiveCfg = Debug|Any CPU
		{95866e0b-686e-9c24-cb7f-9786fc4bc170}.Debug|Any CPU.Build.0 = Debug|Any CPU
		{e89b6def-7664-55b8-9086-5de441774b4a}.Debug|Any CPU.ActiveCfg = Debug|Any CPU
		{e89b6def-7664-55b8-9086-5de441774b4a}.Debug|Any CPU.Build.0 = Debug|Any CPU
		{1e4703bb-1b8d-a689-cd3c-bf7334a2ec69}.Debug|Any CPU.ActiveCfg = Debug|Any CPU
		{1e4703bb-1b8d-a689-cd3c-bf7334a2ec69}.Debug|Any CPU.Build.0 = Debug|Any CPU
		{fc3beb6a-b527-8f0c-45df-833bd545e27a}.Debug|Any CPU.ActiveCfg = Debug|Any CPU
		{fc3beb6a-b527-8f0c-45df-833bd545e27a}.Debug|Any CPU.Build.0 = Debug|Any CPU
		{90446bc3-84cb-7010-696b-f42535d9505e}.Debug|Any CPU.ActiveCfg = Debug|Any CPU
		{90446bc3-84cb-7010-696b-f42535d9505e}.Debug|Any CPU.Build.0 = Debug|Any CPU
		{a949b0bf-b799-6d6f-fb2d-da466125785c}.Debug|Any CPU.ActiveCfg = Debug|Any CPU
		{a949b0bf-b799-6d6f-fb2d-da466125785c}.Debug|Any CPU.Build.0 = Debug|Any CPU
		{9211639c-18ec-df22-2cbc-e28daa29898b}.Debug|Any CPU.ActiveCfg = Debug|Any CPU
		{9211639c-18ec-df22-2cbc-e28daa29898b}.Debug|Any CPU.Build.0 = Debug|Any CPU
		{95ecc8a0-baae-bbc1-a97f-cc5e426de01c}.Debug|Any CPU.ActiveCfg = Debug|Any CPU
		{95ecc8a0-baae-bbc1-a97f-cc5e426de01c}.Debug|Any CPU.Build.0 = Debug|Any CPU
		{2336b1bc-a68e-d2b5-8894-b73f3629cf73}.Debug|Any CPU.ActiveCfg = Debug|Any CPU
		{2336b1bc-a68e-d2b5-8894-b73f3629cf73}.Debug|Any CPU.Build.0 = Debug|Any CPU
		{8a01df3d-e8ee-8d7b-36a2-59c5c1524edf}.Debug|Any CPU.ActiveCfg = Debug|Any CPU
		{8a01df3d-e8ee-8d7b-36a2-59c5c1524edf}.Debug|Any CPU.Build.0 = Debug|Any CPU
		{320c406b-6eeb-441e-c5ca-e064ab7ccfa6}.Debug|Any CPU.ActiveCfg = Debug|Any CPU
		{320c406b-6eeb-441e-c5ca-e064ab7ccfa6}.Debug|Any CPU.Build.0 = Debug|Any CPU
		{17e679d3-fc31-5893-6921-82ccbe2030b6}.Debug|Any CPU.ActiveCfg = Debug|Any CPU
		{17e679d3-fc31-5893-6921-82ccbe2030b6}.Debug|Any CPU.Build.0 = Debug|Any CPU
		{68b16920-3aaf-2167-2759-c3df93932ff8}.Debug|Any CPU.ActiveCfg = Debug|Any CPU
		{68b16920-3aaf-2167-2759-c3df93932ff8}.Debug|Any CPU.Build.0 = Debug|Any CPU
		{4ae1233f-9500-7f4b-585f-df92b436ebf8}.Debug|Any CPU.ActiveCfg = Debug|Any CPU
		{4ae1233f-9500-7f4b-585f-df92b436ebf8}.Debug|Any CPU.Build.0 = Debug|Any CPU
		{39e157bc-31f2-64e5-9ccd-4da0a0fc2253}.Debug|Any CPU.ActiveCfg = Debug|Any CPU
		{39e157bc-31f2-64e5-9ccd-4da0a0fc2253}.Debug|Any CPU.Build.0 = Debug|Any CPU
		{0255b8fc-4823-27e2-6ef7-f63b225d91d0}.Debug|Any CPU.ActiveCfg = Debug|Any CPU
		{0255b8fc-4823-27e2-6ef7-f63b225d91d0}.Debug|Any CPU.Build.0 = Debug|Any CPU
		{2af36194-6ef0-1442-2745-a701e52cf398}.Debug|Any CPU.ActiveCfg = Debug|Any CPU
		{2af36194-6ef0-1442-2745-a701e52cf398}.Debug|Any CPU.Build.0 = Debug|Any CPU
		{bf2e0f23-0b05-47cd-c109-7a7fe46f6959}.Debug|Any CPU.ActiveCfg = Debug|Any CPU
		{bf2e0f23-0b05-47cd-c109-7a7fe46f6959}.Debug|Any CPU.Build.0 = Debug|Any CPU
		{911b1fc7-5ed4-69c4-096b-1d32a23af5b4}.Debug|Any CPU.ActiveCfg = Debug|Any CPU
		{911b1fc7-5ed4-69c4-096b-1d32a23af5b4}.Debug|Any CPU.Build.0 = Debug|Any CPU
		{783ecabf-758b-0089-b2dd-a800057b78b7}.Debug|Any CPU.ActiveCfg = Debug|Any CPU
		{783ecabf-758b-0089-b2dd-a800057b78b7}.Debug|Any CPU.Build.0 = Debug|Any CPU
		{08166d7c-216c-1b42-7587-13d9dcc12230}.Debug|Any CPU.ActiveCfg = Debug|Any CPU
		{08166d7c-216c-1b42-7587-13d9dcc12230}.Debug|Any CPU.Build.0 = Debug|Any CPU
		{c038f96c-27e4-799a-27dc-983d536ea1fd}.Debug|Any CPU.ActiveCfg = Debug|Any CPU
		{c038f96c-27e4-799a-27dc-983d536ea1fd}.Debug|Any CPU.Build.0 = Debug|Any CPU
		{b43bee26-92ab-d406-70ba-9aa6b9ab2276}.Debug|Any CPU.ActiveCfg = Debug|Any CPU
		{b43bee26-92ab-d406-70ba-9aa6b9ab2276}.Debug|Any CPU.Build.0 = Debug|Any CPU
		{a2eb8a56-4575-0ff0-8532-77f1a86be44e}.Debug|Any CPU.ActiveCfg = Debug|Any CPU
		{a2eb8a56-4575-0ff0-8532-77f1a86be44e}.Debug|Any CPU.Build.0 = Debug|Any CPU
		{6f44c782-daec-64a4-f816-eed8a72307c3}.Debug|Any CPU.ActiveCfg = Debug|Any CPU
		{6f44c782-daec-64a4-f816-eed8a72307c3}.Debug|Any CPU.Build.0 = Debug|Any CPU
		{2482add6-e123-d883-27ca-8a94273e33ca}.Debug|Any CPU.ActiveCfg = Debug|Any CPU
		{2482add6-e123-d883-27ca-8a94273e33ca}.Debug|Any CPU.Build.0 = Debug|Any CPU
	EndGlobalSection
	GlobalSection(SolutionProperties) = preSolution
		HideSolutionNode = FALSE
	EndGlobalSection
EndGlobal
