
Microsoft Visual Studio Solution File, Format Version 11.00
# Visual Studio 2010
Project("{FAE04EC0-301F-11D3-BF4B-00C04F79EFBC}") = "Assembly-CSharp-firstpass", "Assembly-CSharp-firstpass.csproj", "{89ffd820-3d37-b646-a747-b15d6b33d4b8}"
EndProject
Project("{FAE04EC0-301F-11D3-BF4B-00C04F79EFBC}") = "Assembly-CSharp", "Assembly-CSharp.csproj", "{1dcac2ee-4062-58fc-eb63-a761ac5c7423}"
EndProject
Project("{FAE04EC0-301F-11D3-BF4B-00C04F79EFBC}") = "Assembly-CSharp-Editor-firstpass", "Assembly-CSharp-Editor-firstpass.csproj", "{9211639c-18ec-df22-2cbc-e28daa29898b}"
EndProject
Global
	GlobalSection(SolutionConfigurationPlatforms) = preSolution
		Debug|Any CPU = Debug|Any CPU
	EndGlobalSection
	GlobalSection(ProjectConfigurationPlatforms) = postSolution
		{89ffd820-3d37-b646-a747-b15d6b33d4b8}.Debug|Any CPU.ActiveCfg = Debug|Any CPU
		{89ffd820-3d37-b646-a747-b15d6b33d4b8}.Debug|Any CPU.Build.0 = Debug|Any CPU
		{1dcac2ee-4062-58fc-eb63-a761ac5c7423}.Debug|Any CPU.ActiveCfg = Debug|Any CPU
		{1dcac2ee-4062-58fc-eb63-a761ac5c7423}.Debug|Any CPU.Build.0 = Debug|Any CPU
		{9211639c-18ec-df22-2cbc-e28daa29898b}.Debug|Any CPU.ActiveCfg = Debug|Any CPU
		{9211639c-18ec-df22-2cbc-e28daa29898b}.Debug|Any CPU.Build.0 = Debug|Any CPU
	EndGlobalSection
	GlobalSection(SolutionProperties) = preSolution
		HideSolutionNode = FALSE
	EndGlobalSection
EndGlobal
